
Microsoft Visual Studio Solution File, Format Version 11.00
# Visual Studio 2010
Project("{2150E333-8FDC-42A3-9474-1A3956D46DE8}") = "BLL", "BLL", "{285D59AC-547D-4B99-A625-3274B6C0FA28}"
EndProject
Project("{2150E333-8FDC-42A3-9474-1A3956D46DE8}") = "UI", "UI", "{568FD497-9E50-432D-9664-59F7A968B48B}"
EndProject
Project("{2150E333-8FDC-42A3-9474-1A3956D46DE8}") = "Model", "Model", "{AC294D43-4EAA-491C-8CDE-3920D05018AF}"
EndProject
Project("{2150E333-8FDC-42A3-9474-1A3956D46DE8}") = "Sys", "Sys", "{2C78713A-A8F7-429E-8F72-1401016658EE}"
EndProject
Project("{2150E333-8FDC-42A3-9474-1A3956D46DE8}") = "IDAL", "IDAL", "{78E41702-5E34-4668-8E87-867263DF3E21}"
EndProject
Project("{2150E333-8FDC-42A3-9474-1A3956D46DE8}") = "Service", "Service", "{8E368CE2-253A-49D2-8F4B-9C0C2FEB7218}"
EndProject
Project("{2150E333-8FDC-42A3-9474-1A3956D46DE8}") = "DBUtility", "DBUtility", "{4D9B99BF-4098-416E-8490-6727C9D7357C}"
EndProject
Project("{2150E333-8FDC-42A3-9474-1A3956D46DE8}") = "DALFactory", "DALFactory", "{EA5C2AE2-DF85-4493-B2A1-5DD4AA075440}"
EndProject
Project("{2150E333-8FDC-42A3-9474-1A3956D46DE8}") = "DAL", "DAL", "{810D655A-3138-4C1B-AA16-CCE3401A34E3}"
EndProject
Project("{2150E333-8FDC-42A3-9474-1A3956D46DE8}") = "Cache", "Cache", "{923E1A17-54D2-4709-B555-3B673EEFEF16}"
EndProject
Project("{2150E333-8FDC-42A3-9474-1A3956D46DE8}") = "Provider", "Provider", "{996ED33E-EE86-4BAA-BC35-C1173E131ED2}"
EndProject
Project("{2150E333-8FDC-42A3-9474-1A3956D46DE8}") = "MSMQ", "MSMQ", "{18109E93-7FF5-48E3-A435-6E7CF11DDE33}"
EndProject
Project("{FAE04EC0-301F-11D3-BF4B-00C04F79EFBC}") = "BLL", "BLL\BLL.csproj", "{43F33597-906D-42EF-905C-5094AB96A7BD}"
EndProject
Project("{FAE04EC0-301F-11D3-BF4B-00C04F79EFBC}") = "CacheDependencyFactory", "CacheDependencyFactory\CacheDependencyFactory.csproj", "{581BE0B7-4895-4B84-ABE7-E64DBED593F9}"
EndProject
Project("{FAE04EC0-301F-11D3-BF4B-00C04F79EFBC}") = "ICacheDependency", "ICacheDependency\ICacheDependency.csproj", "{2687E76B-1552-4F96-A12F-2972A340FDAC}"
EndProject
Project("{FAE04EC0-301F-11D3-BF4B-00C04F79EFBC}") = "TableCacheDependency", "TableCacheDependency\TableCacheDependency.csproj", "{330482A9-CAC7-4220-9C72-63FADC336CCF}"
EndProject
Project("{FAE04EC0-301F-11D3-BF4B-00C04F79EFBC}") = "SqlServerDAL", "SqlServerDAL\SqlServerDAL.csproj", "{7095816D-8BBD-4DC4-B6A7-F565F6783955}"
EndProject
Project("{FAE04EC0-301F-11D3-BF4B-00C04F79EFBC}") = "DALFactory", "DALFactory\DALFactory.csproj", "{FA2A581B-4E2E-46BD-B510-F7BF76A9A9DD}"
EndProject
Project("{FAE04EC0-301F-11D3-BF4B-00C04F79EFBC}") = "DBUtility", "DBUtility\DBUtility.csproj", "{7477D5A7-B2E9-4CA9-AB9D-212B726265AA}"
EndProject
Project("{FAE04EC0-301F-11D3-BF4B-00C04F79EFBC}") = "IDAL", "IDAL\IDAL.csproj", "{8D926A63-B689-4BC6-9143-7629E9B54290}"
EndProject
Project("{FAE04EC0-301F-11D3-BF4B-00C04F79EFBC}") = "Model", "Model\Model.csproj", "{4AF5A8FA-4976-4562-AEA5-122D69D75A44}"
EndProject
Project("{FAE04EC0-301F-11D3-BF4B-00C04F79EFBC}") = "WcfModel", "WcfModel\WcfModel.csproj", "{F48605DF-FCCB-4427-A45E-8E45CE1EF000}"
EndProject
Project("{FAE04EC0-301F-11D3-BF4B-00C04F79EFBC}") = "IMessaging", "IMessaging\IMessaging.csproj", "{19281519-9852-4B15-9298-63A0BF2CB2C3}"
EndProject
Project("{FAE04EC0-301F-11D3-BF4B-00C04F79EFBC}") = "MessagingFactory", "MessagingFactory\MessagingFactory.csproj", "{373F402E-8CF9-48C6-B9F1-C2D183F5741D}"
EndProject
Project("{FAE04EC0-301F-11D3-BF4B-00C04F79EFBC}") = "MsmqMessaging", "MsmqMessaging\MsmqMessaging.csproj", "{AD3DEE38-F75B-43C3-9E3F-8764D59A66B1}"
EndProject
Project("{FAE04EC0-301F-11D3-BF4B-00C04F79EFBC}") = "CustomProvider", "CustomProvider\CustomProvider.csproj", "{B5326878-A9F6-4572-BC8C-E2608DA67654}"
EndProject
Project("{FAE04EC0-301F-11D3-BF4B-00C04F79EFBC}") = "WcfService", "WcfService\WcfService.csproj", "{1BA577C0-DEE0-47E8-8E20-3246BC81DF37}"
EndProject
Project("{FAE04EC0-301F-11D3-BF4B-00C04F79EFBC}") = "SysHelper", "SysHelper\SysHelper.csproj", "{47A39355-EA40-45AE-8ED1-F2B1EBB416FF}"
EndProject
Project("{FAE04EC0-301F-11D3-BF4B-00C04F79EFBC}") = "SysException", "SysException\SysException.csproj", "{03A24215-254E-4DA1-9B5D-7FCE88B8CA79}"
EndProject
Project("{FAE04EC0-301F-11D3-BF4B-00C04F79EFBC}") = "SecurityWeb", "SecurityWeb\SecurityWeb.csproj", "{88A77FB6-C134-43C4-9CB6-468B567F69D2}"
EndProject
Project("{FAE04EC0-301F-11D3-BF4B-00C04F79EFBC}") = "Web", "Web\Web.csproj", "{93D0FE5B-DC70-417A-A5FD-D8933D4BEF39}"
EndProject
Project("{2150E333-8FDC-42A3-9474-1A3956D46DE8}") = "WebHelper", "WebHelper", "{119514A1-FB13-447B-8466-910143B6282D}"
EndProject
Project("{FAE04EC0-301F-11D3-BF4B-00C04F79EFBC}") = "WcfCA", "WcfCA\WcfCA.csproj", "{F5BD6141-325C-40D3-A61D-6E7C162477B0}"
EndProject
Project("{FAE04EC0-301F-11D3-BF4B-00C04F79EFBC}") = "WcfWS", "WcfWS\WcfWS.csproj", "{E7AB90DB-1AFC-4892-861E-44439F0343C0}"
EndProject
Project("{FAE04EC0-301F-11D3-BF4B-00C04F79EFBC}") = "WebHelper", "WebHelper\WebHelper.csproj", "{7D3F2986-BDE3-486C-B24A-563158635F0E}"
EndProject
Project("{FAE04EC0-301F-11D3-BF4B-00C04F79EFBC}") = "TaskProcessor", "TaskProcessor\TaskProcessor.csproj", "{218B6B0F-2539-4096-ACCE-2263C7F68F97}"
EndProject
Global
	GlobalSection(SolutionConfigurationPlatforms) = preSolution
		Debug|Any CPU = Debug|Any CPU
		Debug|Mixed Platforms = Debug|Mixed Platforms
		Debug|x86 = Debug|x86
		Release|Any CPU = Release|Any CPU
		Release|Mixed Platforms = Release|Mixed Platforms
		Release|x86 = Release|x86
	EndGlobalSection
	GlobalSection(ProjectConfigurationPlatforms) = postSolution
		{43F33597-906D-42EF-905C-5094AB96A7BD}.Debug|Any CPU.ActiveCfg = Debug|Any CPU
		{43F33597-906D-42EF-905C-5094AB96A7BD}.Debug|Any CPU.Build.0 = Debug|Any CPU
		{43F33597-906D-42EF-905C-5094AB96A7BD}.Debug|Mixed Platforms.ActiveCfg = Debug|Any CPU
		{43F33597-906D-42EF-905C-5094AB96A7BD}.Debug|Mixed Platforms.Build.0 = Debug|Any CPU
		{43F33597-906D-42EF-905C-5094AB96A7BD}.Debug|x86.ActiveCfg = Debug|Any CPU
		{43F33597-906D-42EF-905C-5094AB96A7BD}.Release|Any CPU.ActiveCfg = Release|Any CPU
		{43F33597-906D-42EF-905C-5094AB96A7BD}.Release|Any CPU.Build.0 = Release|Any CPU
		{43F33597-906D-42EF-905C-5094AB96A7BD}.Release|Mixed Platforms.ActiveCfg = Release|Any CPU
		{43F33597-906D-42EF-905C-5094AB96A7BD}.Release|Mixed Platforms.Build.0 = Release|Any CPU
		{43F33597-906D-42EF-905C-5094AB96A7BD}.Release|x86.ActiveCfg = Release|Any CPU
		{581BE0B7-4895-4B84-ABE7-E64DBED593F9}.Debug|Any CPU.ActiveCfg = Debug|Any CPU
		{581BE0B7-4895-4B84-ABE7-E64DBED593F9}.Debug|Any CPU.Build.0 = Debug|Any CPU
		{581BE0B7-4895-4B84-ABE7-E64DBED593F9}.Debug|Mixed Platforms.ActiveCfg = Debug|Any CPU
		{581BE0B7-4895-4B84-ABE7-E64DBED593F9}.Debug|Mixed Platforms.Build.0 = Debug|Any CPU
		{581BE0B7-4895-4B84-ABE7-E64DBED593F9}.Debug|x86.ActiveCfg = Debug|Any CPU
		{581BE0B7-4895-4B84-ABE7-E64DBED593F9}.Release|Any CPU.ActiveCfg = Release|Any CPU
		{581BE0B7-4895-4B84-ABE7-E64DBED593F9}.Release|Any CPU.Build.0 = Release|Any CPU
		{581BE0B7-4895-4B84-ABE7-E64DBED593F9}.Release|Mixed Platforms.ActiveCfg = Release|Any CPU
		{581BE0B7-4895-4B84-ABE7-E64DBED593F9}.Release|Mixed Platforms.Build.0 = Release|Any CPU
		{581BE0B7-4895-4B84-ABE7-E64DBED593F9}.Release|x86.ActiveCfg = Release|Any CPU
		{2687E76B-1552-4F96-A12F-2972A340FDAC}.Debug|Any CPU.ActiveCfg = Debug|Any CPU
		{2687E76B-1552-4F96-A12F-2972A340FDAC}.Debug|Any CPU.Build.0 = Debug|Any CPU
		{2687E76B-1552-4F96-A12F-2972A340FDAC}.Debug|Mixed Platforms.ActiveCfg = Debug|Any CPU
		{2687E76B-1552-4F96-A12F-2972A340FDAC}.Debug|Mixed Platforms.Build.0 = Debug|Any CPU
		{2687E76B-1552-4F96-A12F-2972A340FDAC}.Debug|x86.ActiveCfg = Debug|Any CPU
		{2687E76B-1552-4F96-A12F-2972A340FDAC}.Release|Any CPU.ActiveCfg = Release|Any CPU
		{2687E76B-1552-4F96-A12F-2972A340FDAC}.Release|Any CPU.Build.0 = Release|Any CPU
		{2687E76B-1552-4F96-A12F-2972A340FDAC}.Release|Mixed Platforms.ActiveCfg = Release|Any CPU
		{2687E76B-1552-4F96-A12F-2972A340FDAC}.Release|Mixed Platforms.Build.0 = Release|Any CPU
		{2687E76B-1552-4F96-A12F-2972A340FDAC}.Release|x86.ActiveCfg = Release|Any CPU
		{330482A9-CAC7-4220-9C72-63FADC336CCF}.Debug|Any CPU.ActiveCfg = Debug|Any CPU
		{330482A9-CAC7-4220-9C72-63FADC336CCF}.Debug|Any CPU.Build.0 = Debug|Any CPU
		{330482A9-CAC7-4220-9C72-63FADC336CCF}.Debug|Mixed Platforms.ActiveCfg = Debug|Any CPU
		{330482A9-CAC7-4220-9C72-63FADC336CCF}.Debug|Mixed Platforms.Build.0 = Debug|Any CPU
		{330482A9-CAC7-4220-9C72-63FADC336CCF}.Debug|x86.ActiveCfg = Debug|Any CPU
		{330482A9-CAC7-4220-9C72-63FADC336CCF}.Release|Any CPU.ActiveCfg = Release|Any CPU
		{330482A9-CAC7-4220-9C72-63FADC336CCF}.Release|Any CPU.Build.0 = Release|Any CPU
		{330482A9-CAC7-4220-9C72-63FADC336CCF}.Release|Mixed Platforms.ActiveCfg = Release|Any CPU
		{330482A9-CAC7-4220-9C72-63FADC336CCF}.Release|Mixed Platforms.Build.0 = Release|Any CPU
		{330482A9-CAC7-4220-9C72-63FADC336CCF}.Release|x86.ActiveCfg = Release|Any CPU
		{7095816D-8BBD-4DC4-B6A7-F565F6783955}.Debug|Any CPU.ActiveCfg = Debug|Any CPU
		{7095816D-8BBD-4DC4-B6A7-F565F6783955}.Debug|Any CPU.Build.0 = Debug|Any CPU
		{7095816D-8BBD-4DC4-B6A7-F565F6783955}.Debug|Mixed Platforms.ActiveCfg = Debug|Any CPU
		{7095816D-8BBD-4DC4-B6A7-F565F6783955}.Debug|Mixed Platforms.Build.0 = Debug|Any CPU
		{7095816D-8BBD-4DC4-B6A7-F565F6783955}.Debug|x86.ActiveCfg = Debug|Any CPU
		{7095816D-8BBD-4DC4-B6A7-F565F6783955}.Release|Any CPU.ActiveCfg = Release|Any CPU
		{7095816D-8BBD-4DC4-B6A7-F565F6783955}.Release|Any CPU.Build.0 = Release|Any CPU
		{7095816D-8BBD-4DC4-B6A7-F565F6783955}.Release|Mixed Platforms.ActiveCfg = Release|Any CPU
		{7095816D-8BBD-4DC4-B6A7-F565F6783955}.Release|Mixed Platforms.Build.0 = Release|Any CPU
		{7095816D-8BBD-4DC4-B6A7-F565F6783955}.Release|x86.ActiveCfg = Release|Any CPU
		{FA2A581B-4E2E-46BD-B510-F7BF76A9A9DD}.Debug|Any CPU.ActiveCfg = Debug|Any CPU
		{FA2A581B-4E2E-46BD-B510-F7BF76A9A9DD}.Debug|Any CPU.Build.0 = Debug|Any CPU
		{FA2A581B-4E2E-46BD-B510-F7BF76A9A9DD}.Debug|Mixed Platforms.ActiveCfg = Debug|Any CPU
		{FA2A581B-4E2E-46BD-B510-F7BF76A9A9DD}.Debug|Mixed Platforms.Build.0 = Debug|Any CPU
		{FA2A581B-4E2E-46BD-B510-F7BF76A9A9DD}.Debug|x86.ActiveCfg = Debug|Any CPU
		{FA2A581B-4E2E-46BD-B510-F7BF76A9A9DD}.Release|Any CPU.ActiveCfg = Release|Any CPU
		{FA2A581B-4E2E-46BD-B510-F7BF76A9A9DD}.Release|Any CPU.Build.0 = Release|Any CPU
		{FA2A581B-4E2E-46BD-B510-F7BF76A9A9DD}.Release|Mixed Platforms.ActiveCfg = Release|Any CPU
		{FA2A581B-4E2E-46BD-B510-F7BF76A9A9DD}.Release|Mixed Platforms.Build.0 = Release|Any CPU
		{FA2A581B-4E2E-46BD-B510-F7BF76A9A9DD}.Release|x86.ActiveCfg = Release|Any CPU
		{7477D5A7-B2E9-4CA9-AB9D-212B726265AA}.Debug|Any CPU.ActiveCfg = Debug|Any CPU
		{7477D5A7-B2E9-4CA9-AB9D-212B726265AA}.Debug|Any CPU.Build.0 = Debug|Any CPU
		{7477D5A7-B2E9-4CA9-AB9D-212B726265AA}.Debug|Mixed Platforms.ActiveCfg = Debug|Any CPU
		{7477D5A7-B2E9-4CA9-AB9D-212B726265AA}.Debug|Mixed Platforms.Build.0 = Debug|Any CPU
		{7477D5A7-B2E9-4CA9-AB9D-212B726265AA}.Debug|x86.ActiveCfg = Debug|Any CPU
		{7477D5A7-B2E9-4CA9-AB9D-212B726265AA}.Release|Any CPU.ActiveCfg = Release|Any CPU
		{7477D5A7-B2E9-4CA9-AB9D-212B726265AA}.Release|Any CPU.Build.0 = Release|Any CPU
		{7477D5A7-B2E9-4CA9-AB9D-212B726265AA}.Release|Mixed Platforms.ActiveCfg = Release|Any CPU
		{7477D5A7-B2E9-4CA9-AB9D-212B726265AA}.Release|Mixed Platforms.Build.0 = Release|Any CPU
		{7477D5A7-B2E9-4CA9-AB9D-212B726265AA}.Release|x86.ActiveCfg = Release|Any CPU
		{8D926A63-B689-4BC6-9143-7629E9B54290}.Debug|Any CPU.ActiveCfg = Debug|Any CPU
		{8D926A63-B689-4BC6-9143-7629E9B54290}.Debug|Any CPU.Build.0 = Debug|Any CPU
		{8D926A63-B689-4BC6-9143-7629E9B54290}.Debug|Mixed Platforms.ActiveCfg = Debug|Any CPU
		{8D926A63-B689-4BC6-9143-7629E9B54290}.Debug|Mixed Platforms.Build.0 = Debug|Any CPU
		{8D926A63-B689-4BC6-9143-7629E9B54290}.Debug|x86.ActiveCfg = Debug|Any CPU
		{8D926A63-B689-4BC6-9143-7629E9B54290}.Release|Any CPU.ActiveCfg = Release|Any CPU
		{8D926A63-B689-4BC6-9143-7629E9B54290}.Release|Any CPU.Build.0 = Release|Any CPU
		{8D926A63-B689-4BC6-9143-7629E9B54290}.Release|Mixed Platforms.ActiveCfg = Release|Any CPU
		{8D926A63-B689-4BC6-9143-7629E9B54290}.Release|Mixed Platforms.Build.0 = Release|Any CPU
		{8D926A63-B689-4BC6-9143-7629E9B54290}.Release|x86.ActiveCfg = Release|Any CPU
		{4AF5A8FA-4976-4562-AEA5-122D69D75A44}.Debug|Any CPU.ActiveCfg = Debug|Any CPU
		{4AF5A8FA-4976-4562-AEA5-122D69D75A44}.Debug|Any CPU.Build.0 = Debug|Any CPU
		{4AF5A8FA-4976-4562-AEA5-122D69D75A44}.Debug|Mixed Platforms.ActiveCfg = Debug|Any CPU
		{4AF5A8FA-4976-4562-AEA5-122D69D75A44}.Debug|Mixed Platforms.Build.0 = Debug|Any CPU
		{4AF5A8FA-4976-4562-AEA5-122D69D75A44}.Debug|x86.ActiveCfg = Debug|Any CPU
		{4AF5A8FA-4976-4562-AEA5-122D69D75A44}.Release|Any CPU.ActiveCfg = Release|Any CPU
		{4AF5A8FA-4976-4562-AEA5-122D69D75A44}.Release|Any CPU.Build.0 = Release|Any CPU
		{4AF5A8FA-4976-4562-AEA5-122D69D75A44}.Release|Mixed Platforms.ActiveCfg = Release|Any CPU
		{4AF5A8FA-4976-4562-AEA5-122D69D75A44}.Release|Mixed Platforms.Build.0 = Release|Any CPU
		{4AF5A8FA-4976-4562-AEA5-122D69D75A44}.Release|x86.ActiveCfg = Release|Any CPU
		{F48605DF-FCCB-4427-A45E-8E45CE1EF000}.Debug|Any CPU.ActiveCfg = Debug|Any CPU
		{F48605DF-FCCB-4427-A45E-8E45CE1EF000}.Debug|Any CPU.Build.0 = Debug|Any CPU
		{F48605DF-FCCB-4427-A45E-8E45CE1EF000}.Debug|Mixed Platforms.ActiveCfg = Debug|Any CPU
		{F48605DF-FCCB-4427-A45E-8E45CE1EF000}.Debug|Mixed Platforms.Build.0 = Debug|Any CPU
		{F48605DF-FCCB-4427-A45E-8E45CE1EF000}.Debug|x86.ActiveCfg = Debug|Any CPU
		{F48605DF-FCCB-4427-A45E-8E45CE1EF000}.Release|Any CPU.ActiveCfg = Release|Any CPU
		{F48605DF-FCCB-4427-A45E-8E45CE1EF000}.Release|Any CPU.Build.0 = Release|Any CPU
		{F48605DF-FCCB-4427-A45E-8E45CE1EF000}.Release|Mixed Platforms.ActiveCfg = Release|Any CPU
		{F48605DF-FCCB-4427-A45E-8E45CE1EF000}.Release|Mixed Platforms.Build.0 = Release|Any CPU
		{F48605DF-FCCB-4427-A45E-8E45CE1EF000}.Release|x86.ActiveCfg = Release|Any CPU
		{19281519-9852-4B15-9298-63A0BF2CB2C3}.Debug|Any CPU.ActiveCfg = Debug|Any CPU
		{19281519-9852-4B15-9298-63A0BF2CB2C3}.Debug|Any CPU.Build.0 = Debug|Any CPU
		{19281519-9852-4B15-9298-63A0BF2CB2C3}.Debug|Mixed Platforms.ActiveCfg = Debug|Any CPU
		{19281519-9852-4B15-9298-63A0BF2CB2C3}.Debug|Mixed Platforms.Build.0 = Debug|Any CPU
		{19281519-9852-4B15-9298-63A0BF2CB2C3}.Debug|x86.ActiveCfg = Debug|Any CPU
		{19281519-9852-4B15-9298-63A0BF2CB2C3}.Release|Any CPU.ActiveCfg = Release|Any CPU
		{19281519-9852-4B15-9298-63A0BF2CB2C3}.Release|Any CPU.Build.0 = Release|Any CPU
		{19281519-9852-4B15-9298-63A0BF2CB2C3}.Release|Mixed Platforms.ActiveCfg = Release|Any CPU
		{19281519-9852-4B15-9298-63A0BF2CB2C3}.Release|Mixed Platforms.Build.0 = Release|Any CPU
		{19281519-9852-4B15-9298-63A0BF2CB2C3}.Release|x86.ActiveCfg = Release|Any CPU
		{373F402E-8CF9-48C6-B9F1-C2D183F5741D}.Debug|Any CPU.ActiveCfg = Debug|Any CPU
		{373F402E-8CF9-48C6-B9F1-C2D183F5741D}.Debug|Any CPU.Build.0 = Debug|Any CPU
		{373F402E-8CF9-48C6-B9F1-C2D183F5741D}.Debug|Mixed Platforms.ActiveCfg = Debug|Any CPU
		{373F402E-8CF9-48C6-B9F1-C2D183F5741D}.Debug|Mixed Platforms.Build.0 = Debug|Any CPU
		{373F402E-8CF9-48C6-B9F1-C2D183F5741D}.Debug|x86.ActiveCfg = Debug|Any CPU
		{373F402E-8CF9-48C6-B9F1-C2D183F5741D}.Release|Any CPU.ActiveCfg = Release|Any CPU
		{373F402E-8CF9-48C6-B9F1-C2D183F5741D}.Release|Any CPU.Build.0 = Release|Any CPU
		{373F402E-8CF9-48C6-B9F1-C2D183F5741D}.Release|Mixed Platforms.ActiveCfg = Release|Any CPU
		{373F402E-8CF9-48C6-B9F1-C2D183F5741D}.Release|Mixed Platforms.Build.0 = Release|Any CPU
		{373F402E-8CF9-48C6-B9F1-C2D183F5741D}.Release|x86.ActiveCfg = Release|Any CPU
		{AD3DEE38-F75B-43C3-9E3F-8764D59A66B1}.Debug|Any CPU.ActiveCfg = Debug|Any CPU
		{AD3DEE38-F75B-43C3-9E3F-8764D59A66B1}.Debug|Any CPU.Build.0 = Debug|Any CPU
		{AD3DEE38-F75B-43C3-9E3F-8764D59A66B1}.Debug|Mixed Platforms.ActiveCfg = Debug|Any CPU
		{AD3DEE38-F75B-43C3-9E3F-8764D59A66B1}.Debug|Mixed Platforms.Build.0 = Debug|Any CPU
		{AD3DEE38-F75B-43C3-9E3F-8764D59A66B1}.Debug|x86.ActiveCfg = Debug|Any CPU
		{AD3DEE38-F75B-43C3-9E3F-8764D59A66B1}.Release|Any CPU.ActiveCfg = Release|Any CPU
		{AD3DEE38-F75B-43C3-9E3F-8764D59A66B1}.Release|Any CPU.Build.0 = Release|Any CPU
		{AD3DEE38-F75B-43C3-9E3F-8764D59A66B1}.Release|Mixed Platforms.ActiveCfg = Release|Any CPU
		{AD3DEE38-F75B-43C3-9E3F-8764D59A66B1}.Release|Mixed Platforms.Build.0 = Release|Any CPU
		{AD3DEE38-F75B-43C3-9E3F-8764D59A66B1}.Release|x86.ActiveCfg = Release|Any CPU
		{B5326878-A9F6-4572-BC8C-E2608DA67654}.Debug|Any CPU.ActiveCfg = Debug|Any CPU
		{B5326878-A9F6-4572-BC8C-E2608DA67654}.Debug|Any CPU.Build.0 = Debug|Any CPU
		{B5326878-A9F6-4572-BC8C-E2608DA67654}.Debug|Mixed Platforms.ActiveCfg = Debug|Any CPU
		{B5326878-A9F6-4572-BC8C-E2608DA67654}.Debug|Mixed Platforms.Build.0 = Debug|Any CPU
		{B5326878-A9F6-4572-BC8C-E2608DA67654}.Debug|x86.ActiveCfg = Debug|Any CPU
		{B5326878-A9F6-4572-BC8C-E2608DA67654}.Release|Any CPU.ActiveCfg = Release|Any CPU
		{B5326878-A9F6-4572-BC8C-E2608DA67654}.Release|Any CPU.Build.0 = Release|Any CPU
		{B5326878-A9F6-4572-BC8C-E2608DA67654}.Release|Mixed Platforms.ActiveCfg = Release|Any CPU
		{B5326878-A9F6-4572-BC8C-E2608DA67654}.Release|Mixed Platforms.Build.0 = Release|Any CPU
		{B5326878-A9F6-4572-BC8C-E2608DA67654}.Release|x86.ActiveCfg = Release|Any CPU
		{1BA577C0-DEE0-47E8-8E20-3246BC81DF37}.Debug|Any CPU.ActiveCfg = Debug|Any CPU
		{1BA577C0-DEE0-47E8-8E20-3246BC81DF37}.Debug|Any CPU.Build.0 = Debug|Any CPU
		{1BA577C0-DEE0-47E8-8E20-3246BC81DF37}.Debug|Mixed Platforms.ActiveCfg = Debug|Any CPU
		{1BA577C0-DEE0-47E8-8E20-3246BC81DF37}.Debug|Mixed Platforms.Build.0 = Debug|Any CPU
		{1BA577C0-DEE0-47E8-8E20-3246BC81DF37}.Debug|x86.ActiveCfg = Debug|Any CPU
		{1BA577C0-DEE0-47E8-8E20-3246BC81DF37}.Release|Any CPU.ActiveCfg = Release|Any CPU
		{1BA577C0-DEE0-47E8-8E20-3246BC81DF37}.Release|Any CPU.Build.0 = Release|Any CPU
		{1BA577C0-DEE0-47E8-8E20-3246BC81DF37}.Release|Mixed Platforms.ActiveCfg = Release|Any CPU
		{1BA577C0-DEE0-47E8-8E20-3246BC81DF37}.Release|Mixed Platforms.Build.0 = Release|Any CPU
		{1BA577C0-DEE0-47E8-8E20-3246BC81DF37}.Release|x86.ActiveCfg = Release|Any CPU
		{47A39355-EA40-45AE-8ED1-F2B1EBB416FF}.Debug|Any CPU.ActiveCfg = Debug|Any CPU
		{47A39355-EA40-45AE-8ED1-F2B1EBB416FF}.Debug|Any CPU.Build.0 = Debug|Any CPU
		{47A39355-EA40-45AE-8ED1-F2B1EBB416FF}.Debug|Mixed Platforms.ActiveCfg = Debug|Any CPU
		{47A39355-EA40-45AE-8ED1-F2B1EBB416FF}.Debug|Mixed Platforms.Build.0 = Debug|Any CPU
		{47A39355-EA40-45AE-8ED1-F2B1EBB416FF}.Debug|x86.ActiveCfg = Debug|Any CPU
		{47A39355-EA40-45AE-8ED1-F2B1EBB416FF}.Release|Any CPU.ActiveCfg = Release|Any CPU
		{47A39355-EA40-45AE-8ED1-F2B1EBB416FF}.Release|Any CPU.Build.0 = Release|Any CPU
		{47A39355-EA40-45AE-8ED1-F2B1EBB416FF}.Release|Mixed Platforms.ActiveCfg = Release|Any CPU
		{47A39355-EA40-45AE-8ED1-F2B1EBB416FF}.Release|Mixed Platforms.Build.0 = Release|Any CPU
		{47A39355-EA40-45AE-8ED1-F2B1EBB416FF}.Release|x86.ActiveCfg = Release|Any CPU
		{03A24215-254E-4DA1-9B5D-7FCE88B8CA79}.Debug|Any CPU.ActiveCfg = Debug|Any CPU
		{03A24215-254E-4DA1-9B5D-7FCE88B8CA79}.Debug|Any CPU.Build.0 = Debug|Any CPU
		{03A24215-254E-4DA1-9B5D-7FCE88B8CA79}.Debug|Mixed Platforms.ActiveCfg = Debug|Any CPU
		{03A24215-254E-4DA1-9B5D-7FCE88B8CA79}.Debug|Mixed Platforms.Build.0 = Debug|Any CPU
		{03A24215-254E-4DA1-9B5D-7FCE88B8CA79}.Debug|x86.ActiveCfg = Debug|Any CPU
		{03A24215-254E-4DA1-9B5D-7FCE88B8CA79}.Release|Any CPU.ActiveCfg = Release|Any CPU
		{03A24215-254E-4DA1-9B5D-7FCE88B8CA79}.Release|Any CPU.Build.0 = Release|Any CPU
		{03A24215-254E-4DA1-9B5D-7FCE88B8CA79}.Release|Mixed Platforms.ActiveCfg = Release|Any CPU
		{03A24215-254E-4DA1-9B5D-7FCE88B8CA79}.Release|Mixed Platforms.Build.0 = Release|Any CPU
		{03A24215-254E-4DA1-9B5D-7FCE88B8CA79}.Release|x86.ActiveCfg = Release|Any CPU
		{88A77FB6-C134-43C4-9CB6-468B567F69D2}.Debug|Any CPU.ActiveCfg = Debug|Any CPU
		{88A77FB6-C134-43C4-9CB6-468B567F69D2}.Debug|Any CPU.Build.0 = Debug|Any CPU
		{88A77FB6-C134-43C4-9CB6-468B567F69D2}.Debug|Mixed Platforms.ActiveCfg = Debug|Any CPU
		{88A77FB6-C134-43C4-9CB6-468B567F69D2}.Debug|Mixed Platforms.Build.0 = Debug|Any CPU
		{88A77FB6-C134-43C4-9CB6-468B567F69D2}.Debug|x86.ActiveCfg = Debug|Any CPU
		{88A77FB6-C134-43C4-9CB6-468B567F69D2}.Release|Any CPU.ActiveCfg = Release|Any CPU
		{88A77FB6-C134-43C4-9CB6-468B567F69D2}.Release|Any CPU.Build.0 = Release|Any CPU
		{88A77FB6-C134-43C4-9CB6-468B567F69D2}.Release|Mixed Platforms.ActiveCfg = Release|Any CPU
		{88A77FB6-C134-43C4-9CB6-468B567F69D2}.Release|Mixed Platforms.Build.0 = Release|Any CPU
		{88A77FB6-C134-43C4-9CB6-468B567F69D2}.Release|x86.ActiveCfg = Release|Any CPU
		{93D0FE5B-DC70-417A-A5FD-D8933D4BEF39}.Debug|Any CPU.ActiveCfg = Debug|Any CPU
		{93D0FE5B-DC70-417A-A5FD-D8933D4BEF39}.Debug|Any CPU.Build.0 = Debug|Any CPU
		{93D0FE5B-DC70-417A-A5FD-D8933D4BEF39}.Debug|Mixed Platforms.ActiveCfg = Debug|Any CPU
		{93D0FE5B-DC70-417A-A5FD-D8933D4BEF39}.Debug|Mixed Platforms.Build.0 = Debug|Any CPU
		{93D0FE5B-DC70-417A-A5FD-D8933D4BEF39}.Debug|x86.ActiveCfg = Debug|Any CPU
		{93D0FE5B-DC70-417A-A5FD-D8933D4BEF39}.Release|Any CPU.ActiveCfg = Release|Any CPU
		{93D0FE5B-DC70-417A-A5FD-D8933D4BEF39}.Release|Any CPU.Build.0 = Release|Any CPU
		{93D0FE5B-DC70-417A-A5FD-D8933D4BEF39}.Release|Mixed Platforms.ActiveCfg = Release|Any CPU
		{93D0FE5B-DC70-417A-A5FD-D8933D4BEF39}.Release|Mixed Platforms.Build.0 = Release|Any CPU
		{93D0FE5B-DC70-417A-A5FD-D8933D4BEF39}.Release|x86.ActiveCfg = Release|Any CPU
		{F5BD6141-325C-40D3-A61D-6E7C162477B0}.Debug|Any CPU.ActiveCfg = Debug|x86
		{F5BD6141-325C-40D3-A61D-6E7C162477B0}.Debug|Mixed Platforms.ActiveCfg = Debug|x86
		{F5BD6141-325C-40D3-A61D-6E7C162477B0}.Debug|Mixed Platforms.Build.0 = Debug|x86
		{F5BD6141-325C-40D3-A61D-6E7C162477B0}.Debug|x86.ActiveCfg = Debug|x86
		{F5BD6141-325C-40D3-A61D-6E7C162477B0}.Debug|x86.Build.0 = Debug|x86
		{F5BD6141-325C-40D3-A61D-6E7C162477B0}.Release|Any CPU.ActiveCfg = Release|x86
		{F5BD6141-325C-40D3-A61D-6E7C162477B0}.Release|Mixed Platforms.ActiveCfg = Release|x86
		{F5BD6141-325C-40D3-A61D-6E7C162477B0}.Release|Mixed Platforms.Build.0 = Release|x86
		{F5BD6141-325C-40D3-A61D-6E7C162477B0}.Release|x86.ActiveCfg = Release|x86
		{F5BD6141-325C-40D3-A61D-6E7C162477B0}.Release|x86.Build.0 = Release|x86
		{E7AB90DB-1AFC-4892-861E-44439F0343C0}.Debug|Any CPU.ActiveCfg = Debug|Any CPU
		{E7AB90DB-1AFC-4892-861E-44439F0343C0}.Debug|Any CPU.Build.0 = Debug|Any CPU
		{E7AB90DB-1AFC-4892-861E-44439F0343C0}.Debug|Mixed Platforms.ActiveCfg = Debug|Any CPU
		{E7AB90DB-1AFC-4892-861E-44439F0343C0}.Debug|Mixed Platforms.Build.0 = Debug|Any CPU
		{E7AB90DB-1AFC-4892-861E-44439F0343C0}.Debug|x86.ActiveCfg = Debug|Any CPU
		{E7AB90DB-1AFC-4892-861E-44439F0343C0}.Release|Any CPU.ActiveCfg = Release|Any CPU
		{E7AB90DB-1AFC-4892-861E-44439F0343C0}.Release|Any CPU.Build.0 = Release|Any CPU
		{E7AB90DB-1AFC-4892-861E-44439F0343C0}.Release|Mixed Platforms.ActiveCfg = Release|Any CPU
		{E7AB90DB-1AFC-4892-861E-44439F0343C0}.Release|Mixed Platforms.Build.0 = Release|Any CPU
		{E7AB90DB-1AFC-4892-861E-44439F0343C0}.Release|x86.ActiveCfg = Release|Any CPU
		{7D3F2986-BDE3-486C-B24A-563158635F0E}.Debug|Any CPU.ActiveCfg = Debug|Any CPU
		{7D3F2986-BDE3-486C-B24A-563158635F0E}.Debug|Any CPU.Build.0 = Debug|Any CPU
		{7D3F2986-BDE3-486C-B24A-563158635F0E}.Debug|Mixed Platforms.ActiveCfg = Debug|Any CPU
		{7D3F2986-BDE3-486C-B24A-563158635F0E}.Debug|Mixed Platforms.Build.0 = Debug|Any CPU
		{7D3F2986-BDE3-486C-B24A-563158635F0E}.Debug|x86.ActiveCfg = Debug|Any CPU
		{7D3F2986-BDE3-486C-B24A-563158635F0E}.Release|Any CPU.ActiveCfg = Release|Any CPU
		{7D3F2986-BDE3-486C-B24A-563158635F0E}.Release|Any CPU.Build.0 = Release|Any CPU
		{7D3F2986-BDE3-486C-B24A-563158635F0E}.Release|Mixed Platforms.ActiveCfg = Release|Any CPU
		{7D3F2986-BDE3-486C-B24A-563158635F0E}.Release|Mixed Platforms.Build.0 = Release|Any CPU
		{7D3F2986-BDE3-486C-B24A-563158635F0E}.Release|x86.ActiveCfg = Release|Any CPU
		{218B6B0F-2539-4096-ACCE-2263C7F68F97}.Debug|Any CPU.ActiveCfg = Debug|Any CPU
		{218B6B0F-2539-4096-ACCE-2263C7F68F97}.Debug|Any CPU.Build.0 = Debug|Any CPU
		{218B6B0F-2539-4096-ACCE-2263C7F68F97}.Debug|Mixed Platforms.ActiveCfg = Debug|Any CPU
		{218B6B0F-2539-4096-ACCE-2263C7F68F97}.Debug|Mixed Platforms.Build.0 = Debug|Any CPU
		{218B6B0F-2539-4096-ACCE-2263C7F68F97}.Debug|x86.ActiveCfg = Debug|Any CPU
		{218B6B0F-2539-4096-ACCE-2263C7F68F97}.Release|Any CPU.ActiveCfg = Release|Any CPU
		{218B6B0F-2539-4096-ACCE-2263C7F68F97}.Release|Any CPU.Build.0 = Release|Any CPU
		{218B6B0F-2539-4096-ACCE-2263C7F68F97}.Release|Mixed Platforms.ActiveCfg = Release|Any CPU
		{218B6B0F-2539-4096-ACCE-2263C7F68F97}.Release|Mixed Platforms.Build.0 = Release|Any CPU
		{218B6B0F-2539-4096-ACCE-2263C7F68F97}.Release|x86.ActiveCfg = Release|Any CPU
	EndGlobalSection
	GlobalSection(SolutionProperties) = preSolution
		HideSolutionNode = FALSE
	EndGlobalSection
	GlobalSection(NestedProjects) = preSolution
		{43F33597-906D-42EF-905C-5094AB96A7BD} = {285D59AC-547D-4B99-A625-3274B6C0FA28}
		{88A77FB6-C134-43C4-9CB6-468B567F69D2} = {568FD497-9E50-432D-9664-59F7A968B48B}
		{93D0FE5B-DC70-417A-A5FD-D8933D4BEF39} = {568FD497-9E50-432D-9664-59F7A968B48B}
		{F5BD6141-325C-40D3-A61D-6E7C162477B0} = {568FD497-9E50-432D-9664-59F7A968B48B}
		{E7AB90DB-1AFC-4892-861E-44439F0343C0} = {568FD497-9E50-432D-9664-59F7A968B48B}
		{4AF5A8FA-4976-4562-AEA5-122D69D75A44} = {AC294D43-4EAA-491C-8CDE-3920D05018AF}
		{F48605DF-FCCB-4427-A45E-8E45CE1EF000} = {AC294D43-4EAA-491C-8CDE-3920D05018AF}
		{47A39355-EA40-45AE-8ED1-F2B1EBB416FF} = {2C78713A-A8F7-429E-8F72-1401016658EE}
		{03A24215-254E-4DA1-9B5D-7FCE88B8CA79} = {2C78713A-A8F7-429E-8F72-1401016658EE}
		{218B6B0F-2539-4096-ACCE-2263C7F68F97} = {2C78713A-A8F7-429E-8F72-1401016658EE}
		{8D926A63-B689-4BC6-9143-7629E9B54290} = {78E41702-5E34-4668-8E87-867263DF3E21}
		{1BA577C0-DEE0-47E8-8E20-3246BC81DF37} = {8E368CE2-253A-49D2-8F4B-9C0C2FEB7218}
		{7477D5A7-B2E9-4CA9-AB9D-212B726265AA} = {4D9B99BF-4098-416E-8490-6727C9D7357C}
		{FA2A581B-4E2E-46BD-B510-F7BF76A9A9DD} = {EA5C2AE2-DF85-4493-B2A1-5DD4AA075440}
		{7095816D-8BBD-4DC4-B6A7-F565F6783955} = {810D655A-3138-4C1B-AA16-CCE3401A34E3}
		{581BE0B7-4895-4B84-ABE7-E64DBED593F9} = {923E1A17-54D2-4709-B555-3B673EEFEF16}
		{2687E76B-1552-4F96-A12F-2972A340FDAC} = {923E1A17-54D2-4709-B555-3B673EEFEF16}
		{330482A9-CAC7-4220-9C72-63FADC336CCF} = {923E1A17-54D2-4709-B555-3B673EEFEF16}
		{B5326878-A9F6-4572-BC8C-E2608DA67654} = {996ED33E-EE86-4BAA-BC35-C1173E131ED2}
		{19281519-9852-4B15-9298-63A0BF2CB2C3} = {18109E93-7FF5-48E3-A435-6E7CF11DDE33}
		{373F402E-8CF9-48C6-B9F1-C2D183F5741D} = {18109E93-7FF5-48E3-A435-6E7CF11DDE33}
		{AD3DEE38-F75B-43C3-9E3F-8764D59A66B1} = {18109E93-7FF5-48E3-A435-6E7CF11DDE33}
		{7D3F2986-BDE3-486C-B24A-563158635F0E} = {119514A1-FB13-447B-8466-910143B6282D}
	EndGlobalSection
EndGlobal
